
Microsoft Visual Studio Solution File, Format Version 12.00
# Visual Studio Version 17
VisualStudioVersion = 17.2.32616.157
MinimumVisualStudioVersion = 10.0.40219.1
Project("{2150E333-8FDC-42A3-9474-1A3956D46DE8}") = "build", "build", "{2FBB31CD-1C9A-4B62-8CAC-FB7BCA2A22ED}"
	ProjectSection(SolutionItems) = preProject
		README.md = README.md
	EndProjectSection
EndProject
Project("{2150E333-8FDC-42A3-9474-1A3956D46DE8}") = "Sdk", "Sdk", "{C63A9C54-7F8C-4B79-9CA6-D21592F70F90}"
EndProject
Project("{2150E333-8FDC-42A3-9474-1A3956D46DE8}") = "Tools", "Tools", "{A59EC422-E5CC-4803-B934-D3B2E5829487}"
EndProject
Project("{2150E333-8FDC-42A3-9474-1A3956D46DE8}") = "Middleware", "Middleware", "{1104EF58-492E-46E7-9B8E-9813DA6B981B}"
EndProject
Project("{9A19103F-16F7-4668-BE54-9A1E7A4F7556}") = "Bryan.Tools.Cache", "Middleware\Bryan.Tools.Cache\Bryan.Tools.Cache.csproj", "{C5917D4C-8BC9-475E-A3C4-F913C2FD9415}"
EndProject
Project("{9A19103F-16F7-4668-BE54-9A1E7A4F7556}") = "Bryan.Tools.ElasticSearch", "Middleware\Bryan.Tools.ElasticSearch\Bryan.Tools.ElasticSearch.csproj", "{AE68B8B1-ADF3-469A-B187-EA3BEEAAB98F}"
EndProject
Project("{9A19103F-16F7-4668-BE54-9A1E7A4F7556}") = "Bryan.Tools.Mongo", "Middleware\Bryan.Tools.Mongo\Bryan.Tools.Mongo.csproj", "{591271A5-EB39-486A-9B33-CBFD3870E414}"
EndProject
Project("{2150E333-8FDC-42A3-9474-1A3956D46DE8}") = "Samples", "Samples", "{6CD83242-6B90-4FE4-8C81-7E279BE4A5DD}"
EndProject
Project("{9A19103F-16F7-4668-BE54-9A1E7A4F7556}") = "Bryan.Demo.WebApi", "Samples\Bryan.Demo.WebApi\Bryan.Demo.WebApi.csproj", "{1E6034BB-3D16-4E35-BC98-4F98CFEE6861}"
EndProject
Project("{9A19103F-16F7-4668-BE54-9A1E7A4F7556}") = "Bryan.Tools.SpeechRecognition", "Sdk\Bryan.Tools.SpeechRecognition\Bryan.Tools.SpeechRecognition.csproj", "{442B4AA9-4C84-41DA-82DE-68F3414F6E14}"
EndProject
Project("{9A19103F-16F7-4668-BE54-9A1E7A4F7556}") = "Bryan.Tools.Configuration", "Tools\Bryan.Tools.Configuation\Bryan.Tools.Configuration.csproj", "{4F0E09EA-74ED-4249-9536-54BBF67B3BB0}"
EndProject
Project("{9A19103F-16F7-4668-BE54-9A1E7A4F7556}") = "Bryan.Tools.Core", "Tools\Bryan.Tools.Core\Bryan.Tools.Core.csproj", "{2336A2E0-6C2A-4AB5-BC70-CA4E905E81AA}"
EndProject
Project("{9A19103F-16F7-4668-BE54-9A1E7A4F7556}") = "Bryan.Tools.DependencyInjection", "Tools\Bryan.Tools.DependencyInjection\Bryan.Tools.DependencyInjection.csproj", "{E7A5A5EE-031E-4F23-96CC-DDFA84ECB8A2}"
EndProject
Project("{9A19103F-16F7-4668-BE54-9A1E7A4F7556}") = "Bryan.Tools.Swagger", "Tools\Bryan.Tools.Swagger\Bryan.Tools.Swagger.csproj", "{D56A8F57-F955-4C31-A9BD-CAAD38718BE4}"
EndProject
Project("{9A19103F-16F7-4668-BE54-9A1E7A4F7556}") = "Bryan.Tools.PinYin", "Tools\Bryan.Tools.PinYin\Bryan.Tools.PinYin.csproj", "{0093175D-AFC6-4D06-A519-73A065819DBC}"
EndProject
Project("{9A19103F-16F7-4668-BE54-9A1E7A4F7556}") = "Bryan.Tools.Encrypt", "Tools\Bryan.Tools.Encrypt\Bryan.Tools.Encrypt.csproj", "{F4E03153-A39B-46FC-A4E8-26EF3BCE80C3}"
EndProject
Project("{9A19103F-16F7-4668-BE54-9A1E7A4F7556}") = "Bryan.Tools.SnowFlakeId", "Tools\Bryan.Tools.SnowFlakeId\Bryan.Tools.SnowFlakeId.csproj", "{CCA21132-A595-4D96-99E1-D955EF7644A7}"
EndProject
Project("{2150E333-8FDC-42A3-9474-1A3956D46DE8}") = "MicroService", "MicroService", "{DC0491EC-EA63-4C6A-B141-25EE7F9556F2}"
EndProject
Project("{9A19103F-16F7-4668-BE54-9A1E7A4F7556}") = "Tools.MicroService.Ocelot", "MicroService\Tools.MicroService.Ocelot\Tools.MicroService.Ocelot.csproj", "{4BE255C7-39F2-4C91-A2D3-5A8AC7DC1B1F}"
EndProject
Project("{9A19103F-16F7-4668-BE54-9A1E7A4F7556}") = "Tools.MicroService.WebApi", "MicroService\Tools.MicroService.WebApi\Tools.MicroService.WebApi.csproj", "{A3093AD5-6B14-4D63-AA7D-300B53630577}"
EndProject
Project("{9A19103F-16F7-4668-BE54-9A1E7A4F7556}") = "Tools.MicroService.Consul", "MicroService\Tools.MicroService.Consul\Tools.MicroService.Consul.csproj", "{36715599-BD9F-4A00-9546-48D4FE3CF337}"
EndProject
Project("{9A19103F-16F7-4668-BE54-9A1E7A4F7556}") = "Tools.MicroService.CAP", "MicroService\Tools.MicroService.CAP\Tools.MicroService.CAP.csproj", "{B48A41E8-CB9A-4533-8EC2-4B775EFB49E9}"
EndProject
Project("{9A19103F-16F7-4668-BE54-9A1E7A4F7556}") = "Bryan.Tools.NLog", "Tools\Bryan.Tools.NLog\Bryan.Tools.NLog.csproj", "{CA9EC156-BCC0-4981-A912-91568822A3C7}"
EndProject
Project("{9A19103F-16F7-4668-BE54-9A1E7A4F7556}") = "Bryan.Tools.Middleware", "Middleware\Bryan.Tools.Middleware\Bryan.Tools.Middleware.csproj", "{6EC53AE3-B8EB-4B75-873D-521736E10691}"
EndProject
Project("{9A19103F-16F7-4668-BE54-9A1E7A4F7556}") = "Bryan.Tools.Dapper", "Tools\Bryan.Tools.Dapper\Bryan.Tools.Dapper.csproj", "{28CF3C28-B025-4A6B-8220-4433BA55ABCB}"
EndProject
Project("{9A19103F-16F7-4668-BE54-9A1E7A4F7556}") = "Bryan.Tools.Excel", "Tools\Bryan.Tools.Excel\Bryan.Tools.Excel.csproj", "{AEF3418A-46EB-413E-A36D-33A00472DED1}"
EndProject
Project("{9A19103F-16F7-4668-BE54-9A1E7A4F7556}") = "Bryan.Tools.Polly", "Tools\Bryan.Tools.Polly\Bryan.Tools.Polly.csproj", "{EE30FB58-022D-40D8-B1BF-56740B297827}"
EndProject
Project("{9A19103F-16F7-4668-BE54-9A1E7A4F7556}") = "Bryan.Tools.KodCloud", "Sdk\Bryan.Tools.KodCloud\Bryan.Tools.KodCloud.csproj", "{AF02ECA0-AD17-414A-8DDD-C994F97A4793}"
EndProject
Project("{9A19103F-16F7-4668-BE54-9A1E7A4F7556}") = "Bryan.Tools.Hangfire", "Middleware\Bryan.Tools.Hangfire\Bryan.Tools.Hangfire.csproj", "{0C4AF2FF-85C2-4260-8886-C9D4BA375A9D}"
EndProject
Project("{FAE04EC0-301F-11D3-BF4B-00C04F79EFBC}") = "Bryan.Tools.AspNetCore", "Foundation\Bryan.Tools.AspNetCore\Bryan.Tools.AspNetCore.csproj", "{588B512D-D08B-4CA7-A9D9-F0A4940876A0}"
EndProject
Project("{2150E333-8FDC-42A3-9474-1A3956D46DE8}") = "Foundation", "Foundation", "{E4253793-EEF0-408B-AACA-C3F4A065AF36}"
EndProject
Global
	GlobalSection(SolutionConfigurationPlatforms) = preSolution
		Debug|Any CPU = Debug|Any CPU
		Release|Any CPU = Release|Any CPU
	EndGlobalSection
	GlobalSection(ProjectConfigurationPlatforms) = postSolution
		{C5917D4C-8BC9-475E-A3C4-F913C2FD9415}.Debug|Any CPU.ActiveCfg = Debug|Any CPU
		{C5917D4C-8BC9-475E-A3C4-F913C2FD9415}.Debug|Any CPU.Build.0 = Debug|Any CPU
		{C5917D4C-8BC9-475E-A3C4-F913C2FD9415}.Release|Any CPU.ActiveCfg = Release|Any CPU
		{C5917D4C-8BC9-475E-A3C4-F913C2FD9415}.Release|Any CPU.Build.0 = Release|Any CPU
		{AE68B8B1-ADF3-469A-B187-EA3BEEAAB98F}.Debug|Any CPU.ActiveCfg = Debug|Any CPU
		{AE68B8B1-ADF3-469A-B187-EA3BEEAAB98F}.Debug|Any CPU.Build.0 = Debug|Any CPU
		{AE68B8B1-ADF3-469A-B187-EA3BEEAAB98F}.Release|Any CPU.ActiveCfg = Release|Any CPU
		{AE68B8B1-ADF3-469A-B187-EA3BEEAAB98F}.Release|Any CPU.Build.0 = Release|Any CPU
		{591271A5-EB39-486A-9B33-CBFD3870E414}.Debug|Any CPU.ActiveCfg = Debug|Any CPU
		{591271A5-EB39-486A-9B33-CBFD3870E414}.Debug|Any CPU.Build.0 = Debug|Any CPU
		{591271A5-EB39-486A-9B33-CBFD3870E414}.Release|Any CPU.ActiveCfg = Release|Any CPU
		{591271A5-EB39-486A-9B33-CBFD3870E414}.Release|Any CPU.Build.0 = Release|Any CPU
		{1E6034BB-3D16-4E35-BC98-4F98CFEE6861}.Debug|Any CPU.ActiveCfg = Debug|Any CPU
		{1E6034BB-3D16-4E35-BC98-4F98CFEE6861}.Debug|Any CPU.Build.0 = Debug|Any CPU
		{1E6034BB-3D16-4E35-BC98-4F98CFEE6861}.Release|Any CPU.ActiveCfg = Release|Any CPU
		{1E6034BB-3D16-4E35-BC98-4F98CFEE6861}.Release|Any CPU.Build.0 = Release|Any CPU
		{442B4AA9-4C84-41DA-82DE-68F3414F6E14}.Debug|Any CPU.ActiveCfg = Debug|Any CPU
		{442B4AA9-4C84-41DA-82DE-68F3414F6E14}.Debug|Any CPU.Build.0 = Debug|Any CPU
		{442B4AA9-4C84-41DA-82DE-68F3414F6E14}.Release|Any CPU.ActiveCfg = Release|Any CPU
		{442B4AA9-4C84-41DA-82DE-68F3414F6E14}.Release|Any CPU.Build.0 = Release|Any CPU
		{4F0E09EA-74ED-4249-9536-54BBF67B3BB0}.Debug|Any CPU.ActiveCfg = Debug|Any CPU
		{4F0E09EA-74ED-4249-9536-54BBF67B3BB0}.Debug|Any CPU.Build.0 = Debug|Any CPU
		{4F0E09EA-74ED-4249-9536-54BBF67B3BB0}.Release|Any CPU.ActiveCfg = Release|Any CPU
		{4F0E09EA-74ED-4249-9536-54BBF67B3BB0}.Release|Any CPU.Build.0 = Release|Any CPU
		{2336A2E0-6C2A-4AB5-BC70-CA4E905E81AA}.Debug|Any CPU.ActiveCfg = Debug|Any CPU
		{2336A2E0-6C2A-4AB5-BC70-CA4E905E81AA}.Debug|Any CPU.Build.0 = Debug|Any CPU
		{2336A2E0-6C2A-4AB5-BC70-CA4E905E81AA}.Release|Any CPU.ActiveCfg = Release|Any CPU
		{2336A2E0-6C2A-4AB5-BC70-CA4E905E81AA}.Release|Any CPU.Build.0 = Release|Any CPU
		{E7A5A5EE-031E-4F23-96CC-DDFA84ECB8A2}.Debug|Any CPU.ActiveCfg = Debug|Any CPU
		{E7A5A5EE-031E-4F23-96CC-DDFA84ECB8A2}.Debug|Any CPU.Build.0 = Debug|Any CPU
		{E7A5A5EE-031E-4F23-96CC-DDFA84ECB8A2}.Release|Any CPU.ActiveCfg = Release|Any CPU
		{E7A5A5EE-031E-4F23-96CC-DDFA84ECB8A2}.Release|Any CPU.Build.0 = Release|Any CPU
		{D56A8F57-F955-4C31-A9BD-CAAD38718BE4}.Debug|Any CPU.ActiveCfg = Debug|Any CPU
		{D56A8F57-F955-4C31-A9BD-CAAD38718BE4}.Debug|Any CPU.Build.0 = Debug|Any CPU
		{D56A8F57-F955-4C31-A9BD-CAAD38718BE4}.Release|Any CPU.ActiveCfg = Release|Any CPU
		{D56A8F57-F955-4C31-A9BD-CAAD38718BE4}.Release|Any CPU.Build.0 = Release|Any CPU
		{0093175D-AFC6-4D06-A519-73A065819DBC}.Debug|Any CPU.ActiveCfg = Debug|Any CPU
		{0093175D-AFC6-4D06-A519-73A065819DBC}.Debug|Any CPU.Build.0 = Debug|Any CPU
		{0093175D-AFC6-4D06-A519-73A065819DBC}.Release|Any CPU.ActiveCfg = Release|Any CPU
		{0093175D-AFC6-4D06-A519-73A065819DBC}.Release|Any CPU.Build.0 = Release|Any CPU
		{F4E03153-A39B-46FC-A4E8-26EF3BCE80C3}.Debug|Any CPU.ActiveCfg = Debug|Any CPU
		{F4E03153-A39B-46FC-A4E8-26EF3BCE80C3}.Debug|Any CPU.Build.0 = Debug|Any CPU
		{F4E03153-A39B-46FC-A4E8-26EF3BCE80C3}.Release|Any CPU.ActiveCfg = Release|Any CPU
		{F4E03153-A39B-46FC-A4E8-26EF3BCE80C3}.Release|Any CPU.Build.0 = Release|Any CPU
		{CCA21132-A595-4D96-99E1-D955EF7644A7}.Debug|Any CPU.ActiveCfg = Debug|Any CPU
		{CCA21132-A595-4D96-99E1-D955EF7644A7}.Debug|Any CPU.Build.0 = Debug|Any CPU
		{CCA21132-A595-4D96-99E1-D955EF7644A7}.Release|Any CPU.ActiveCfg = Release|Any CPU
		{CCA21132-A595-4D96-99E1-D955EF7644A7}.Release|Any CPU.Build.0 = Release|Any CPU
		{4BE255C7-39F2-4C91-A2D3-5A8AC7DC1B1F}.Debug|Any CPU.ActiveCfg = Debug|Any CPU
		{4BE255C7-39F2-4C91-A2D3-5A8AC7DC1B1F}.Debug|Any CPU.Build.0 = Debug|Any CPU
		{4BE255C7-39F2-4C91-A2D3-5A8AC7DC1B1F}.Release|Any CPU.ActiveCfg = Release|Any CPU
		{4BE255C7-39F2-4C91-A2D3-5A8AC7DC1B1F}.Release|Any CPU.Build.0 = Release|Any CPU
		{A3093AD5-6B14-4D63-AA7D-300B53630577}.Debug|Any CPU.ActiveCfg = Debug|Any CPU
		{A3093AD5-6B14-4D63-AA7D-300B53630577}.Debug|Any CPU.Build.0 = Debug|Any CPU
		{A3093AD5-6B14-4D63-AA7D-300B53630577}.Release|Any CPU.ActiveCfg = Release|Any CPU
		{A3093AD5-6B14-4D63-AA7D-300B53630577}.Release|Any CPU.Build.0 = Release|Any CPU
		{36715599-BD9F-4A00-9546-48D4FE3CF337}.Debug|Any CPU.ActiveCfg = Debug|Any CPU
		{36715599-BD9F-4A00-9546-48D4FE3CF337}.Debug|Any CPU.Build.0 = Debug|Any CPU
		{36715599-BD9F-4A00-9546-48D4FE3CF337}.Release|Any CPU.ActiveCfg = Release|Any CPU
		{36715599-BD9F-4A00-9546-48D4FE3CF337}.Release|Any CPU.Build.0 = Release|Any CPU
		{B48A41E8-CB9A-4533-8EC2-4B775EFB49E9}.Debug|Any CPU.ActiveCfg = Debug|Any CPU
		{B48A41E8-CB9A-4533-8EC2-4B775EFB49E9}.Debug|Any CPU.Build.0 = Debug|Any CPU
		{B48A41E8-CB9A-4533-8EC2-4B775EFB49E9}.Release|Any CPU.ActiveCfg = Release|Any CPU
		{B48A41E8-CB9A-4533-8EC2-4B775EFB49E9}.Release|Any CPU.Build.0 = Release|Any CPU
		{CA9EC156-BCC0-4981-A912-91568822A3C7}.Debug|Any CPU.ActiveCfg = Debug|Any CPU
		{CA9EC156-BCC0-4981-A912-91568822A3C7}.Debug|Any CPU.Build.0 = Debug|Any CPU
		{CA9EC156-BCC0-4981-A912-91568822A3C7}.Release|Any CPU.ActiveCfg = Release|Any CPU
		{CA9EC156-BCC0-4981-A912-91568822A3C7}.Release|Any CPU.Build.0 = Release|Any CPU
		{6EC53AE3-B8EB-4B75-873D-521736E10691}.Debug|Any CPU.ActiveCfg = Debug|Any CPU
		{6EC53AE3-B8EB-4B75-873D-521736E10691}.Debug|Any CPU.Build.0 = Debug|Any CPU
		{6EC53AE3-B8EB-4B75-873D-521736E10691}.Release|Any CPU.ActiveCfg = Release|Any CPU
		{6EC53AE3-B8EB-4B75-873D-521736E10691}.Release|Any CPU.Build.0 = Release|Any CPU
		{28CF3C28-B025-4A6B-8220-4433BA55ABCB}.Debug|Any CPU.ActiveCfg = Debug|Any CPU
		{28CF3C28-B025-4A6B-8220-4433BA55ABCB}.Debug|Any CPU.Build.0 = Debug|Any CPU
		{28CF3C28-B025-4A6B-8220-4433BA55ABCB}.Release|Any CPU.ActiveCfg = Release|Any CPU
		{28CF3C28-B025-4A6B-8220-4433BA55ABCB}.Release|Any CPU.Build.0 = Release|Any CPU
		{AEF3418A-46EB-413E-A36D-33A00472DED1}.Debug|Any CPU.ActiveCfg = Debug|Any CPU
		{AEF3418A-46EB-413E-A36D-33A00472DED1}.Debug|Any CPU.Build.0 = Debug|Any CPU
		{AEF3418A-46EB-413E-A36D-33A00472DED1}.Release|Any CPU.ActiveCfg = Release|Any CPU
		{AEF3418A-46EB-413E-A36D-33A00472DED1}.Release|Any CPU.Build.0 = Release|Any CPU
		{EE30FB58-022D-40D8-B1BF-56740B297827}.Debug|Any CPU.ActiveCfg = Debug|Any CPU
		{EE30FB58-022D-40D8-B1BF-56740B297827}.Debug|Any CPU.Build.0 = Debug|Any CPU
		{EE30FB58-022D-40D8-B1BF-56740B297827}.Release|Any CPU.ActiveCfg = Release|Any CPU
		{EE30FB58-022D-40D8-B1BF-56740B297827}.Release|Any CPU.Build.0 = Release|Any CPU
		{AF02ECA0-AD17-414A-8DDD-C994F97A4793}.Debug|Any CPU.ActiveCfg = Debug|Any CPU
		{AF02ECA0-AD17-414A-8DDD-C994F97A4793}.Debug|Any CPU.Build.0 = Debug|Any CPU
		{AF02ECA0-AD17-414A-8DDD-C994F97A4793}.Release|Any CPU.ActiveCfg = Release|Any CPU
		{AF02ECA0-AD17-414A-8DDD-C994F97A4793}.Release|Any CPU.Build.0 = Release|Any CPU
		{0C4AF2FF-85C2-4260-8886-C9D4BA375A9D}.Debug|Any CPU.ActiveCfg = Debug|Any CPU
		{0C4AF2FF-85C2-4260-8886-C9D4BA375A9D}.Debug|Any CPU.Build.0 = Debug|Any CPU
		{0C4AF2FF-85C2-4260-8886-C9D4BA375A9D}.Release|Any CPU.ActiveCfg = Release|Any CPU
		{0C4AF2FF-85C2-4260-8886-C9D4BA375A9D}.Release|Any CPU.Build.0 = Release|Any CPU
		{588B512D-D08B-4CA7-A9D9-F0A4940876A0}.Debug|Any CPU.ActiveCfg = Debug|Any CPU
		{588B512D-D08B-4CA7-A9D9-F0A4940876A0}.Debug|Any CPU.Build.0 = Debug|Any CPU
		{588B512D-D08B-4CA7-A9D9-F0A4940876A0}.Release|Any CPU.ActiveCfg = Release|Any CPU
		{588B512D-D08B-4CA7-A9D9-F0A4940876A0}.Release|Any CPU.Build.0 = Release|Any CPU
	EndGlobalSection
	GlobalSection(SolutionProperties) = preSolution
		HideSolutionNode = FALSE
	EndGlobalSection
	GlobalSection(NestedProjects) = preSolution
		{C5917D4C-8BC9-475E-A3C4-F913C2FD9415} = {1104EF58-492E-46E7-9B8E-9813DA6B981B}
		{AE68B8B1-ADF3-469A-B187-EA3BEEAAB98F} = {1104EF58-492E-46E7-9B8E-9813DA6B981B}
		{591271A5-EB39-486A-9B33-CBFD3870E414} = {1104EF58-492E-46E7-9B8E-9813DA6B981B}
		{1E6034BB-3D16-4E35-BC98-4F98CFEE6861} = {6CD83242-6B90-4FE4-8C81-7E279BE4A5DD}
		{442B4AA9-4C84-41DA-82DE-68F3414F6E14} = {C63A9C54-7F8C-4B79-9CA6-D21592F70F90}
		{4F0E09EA-74ED-4249-9536-54BBF67B3BB0} = {A59EC422-E5CC-4803-B934-D3B2E5829487}
		{2336A2E0-6C2A-4AB5-BC70-CA4E905E81AA} = {A59EC422-E5CC-4803-B934-D3B2E5829487}
		{E7A5A5EE-031E-4F23-96CC-DDFA84ECB8A2} = {A59EC422-E5CC-4803-B934-D3B2E5829487}
		{D56A8F57-F955-4C31-A9BD-CAAD38718BE4} = {A59EC422-E5CC-4803-B934-D3B2E5829487}
		{0093175D-AFC6-4D06-A519-73A065819DBC} = {A59EC422-E5CC-4803-B934-D3B2E5829487}
		{F4E03153-A39B-46FC-A4E8-26EF3BCE80C3} = {A59EC422-E5CC-4803-B934-D3B2E5829487}
		{CCA21132-A595-4D96-99E1-D955EF7644A7} = {A59EC422-E5CC-4803-B934-D3B2E5829487}
		{4BE255C7-39F2-4C91-A2D3-5A8AC7DC1B1F} = {DC0491EC-EA63-4C6A-B141-25EE7F9556F2}
		{A3093AD5-6B14-4D63-AA7D-300B53630577} = {DC0491EC-EA63-4C6A-B141-25EE7F9556F2}
		{36715599-BD9F-4A00-9546-48D4FE3CF337} = {DC0491EC-EA63-4C6A-B141-25EE7F9556F2}
		{B48A41E8-CB9A-4533-8EC2-4B775EFB49E9} = {DC0491EC-EA63-4C6A-B141-25EE7F9556F2}
		{CA9EC156-BCC0-4981-A912-91568822A3C7} = {A59EC422-E5CC-4803-B934-D3B2E5829487}
		{6EC53AE3-B8EB-4B75-873D-521736E10691} = {1104EF58-492E-46E7-9B8E-9813DA6B981B}
		{28CF3C28-B025-4A6B-8220-4433BA55ABCB} = {A59EC422-E5CC-4803-B934-D3B2E5829487}
		{AEF3418A-46EB-413E-A36D-33A00472DED1} = {A59EC422-E5CC-4803-B934-D3B2E5829487}
		{EE30FB58-022D-40D8-B1BF-56740B297827} = {A59EC422-E5CC-4803-B934-D3B2E5829487}
		{AF02ECA0-AD17-414A-8DDD-C994F97A4793} = {C63A9C54-7F8C-4B79-9CA6-D21592F70F90}
		{0C4AF2FF-85C2-4260-8886-C9D4BA375A9D} = {1104EF58-492E-46E7-9B8E-9813DA6B981B}
		{588B512D-D08B-4CA7-A9D9-F0A4940876A0} = {E4253793-EEF0-408B-AACA-C3F4A065AF36}
	EndGlobalSection
	GlobalSection(ExtensibilityGlobals) = postSolution
		SolutionGuid = {9903C08E-7AE5-48E1-872F-E99C6D9E0442}
	EndGlobalSection
EndGlobal
